
Microsoft Visual Studio Solution File, Format Version 12.00
# Visual Studio Version 16
VisualStudioVersion = 16.0.31727.386
MinimumVisualStudioVersion = 10.0.40219.1
Project("{FAE04EC0-301F-11D3-BF4B-00C04F79EFBC}") = "Générateur de mdp", "Générateur de mdp\Générateur de mdp.csproj", "{D3DEC9C0-7EE7-43AE-B3D6-D6DAAD0B59CA}"
EndProject
Global
	GlobalSection(SolutionConfigurationPlatforms) = preSolution
		Debug|Any CPU = Debug|Any CPU
		Release|Any CPU = Release|Any CPU
	EndGlobalSection
	GlobalSection(ProjectConfigurationPlatforms) = postSolution
		{D3DEC9C0-7EE7-43AE-B3D6-D6DAAD0B59CA}.Debug|Any CPU.ActiveCfg = Debug|Any CPU
		{D3DEC9C0-7EE7-43AE-B3D6-D6DAAD0B59CA}.Debug|Any CPU.Build.0 = Debug|Any CPU
		{D3DEC9C0-7EE7-43AE-B3D6-D6DAAD0B59CA}.Release|Any CPU.ActiveCfg = Release|Any CPU
		{D3DEC9C0-7EE7-43AE-B3D6-D6DAAD0B59CA}.Release|Any CPU.Build.0 = Release|Any CPU
	EndGlobalSection
	GlobalSection(SolutionProperties) = preSolution
		HideSolutionNode = FALSE
	EndGlobalSection
	GlobalSection(ExtensibilityGlobals) = postSolution
		SolutionGuid = {B988CDAF-44CD-4467-9888-FCDC5A00171E}
	EndGlobalSection
EndGlobal
